// !$*UTF8*$!
{
	archiveVersion = 1;
	classes = {
	};
	objectVersion = 55;
	objects = {

/* Begin PBXBuildFile section */
		B75CA0A92768B783008D5CC4 /* AppDelegate.swift in Sources */ = {isa = PBXBuildFile; fileRef = B75CA0A82768B783008D5CC4 /* AppDelegate.swift */; };
		B75CA0AB2768B783008D5CC4 /* SceneDelegate.swift in Sources */ = {isa = PBXBuildFile; fileRef = B75CA0AA2768B783008D5CC4 /* SceneDelegate.swift */; };
		B75CA0AD2768B783008D5CC4 /* WelcomeViewController.swift in Sources */ = {isa = PBXBuildFile; fileRef = B75CA0AC2768B783008D5CC4 /* WelcomeViewController.swift */; };
		B75CA0B02768B783008D5CC4 /* Main.storyboard in Resources */ = {isa = PBXBuildFile; fileRef = B75CA0AE2768B783008D5CC4 /* Main.storyboard */; };
		B75CA0B22768B784008D5CC4 /* Assets.xcassets in Resources */ = {isa = PBXBuildFile; fileRef = B75CA0B12768B784008D5CC4 /* Assets.xcassets */; };
		B75CA0B52768B784008D5CC4 /* LaunchScreen.storyboard in Resources */ = {isa = PBXBuildFile; fileRef = B75CA0B32768B784008D5CC4 /* LaunchScreen.storyboard */; };
		B75CA0C02768D73D008D5CC4 /* LoginViewController.swift in Sources */ = {isa = PBXBuildFile; fileRef = B75CA0BF2768D73D008D5CC4 /* LoginViewController.swift */; };
		B75CA0C22768D74D008D5CC4 /* RegisterViewController.swift in Sources */ = {isa = PBXBuildFile; fileRef = B75CA0C12768D74D008D5CC4 /* RegisterViewController.swift */; };
		B75CA0C62768DBBF008D5CC4 /* GoogleService-Info.plist in Resources */ = {isa = PBXBuildFile; fileRef = B75CA0C52768DBBF008D5CC4 /* GoogleService-Info.plist */; };
		B75CA0C82768DDB1008D5CC4 /* Constant.swift in Sources */ = {isa = PBXBuildFile; fileRef = B75CA0C72768DDB1008D5CC4 /* Constant.swift */; };
		B75CA0CA2768DF2B008D5CC4 /* CitiesViewController.swift in Sources */ = {isa = PBXBuildFile; fileRef = B75CA0C92768DF2B008D5CC4 /* CitiesViewController.swift */; };
		B76F9AEC276B1446007DC791 /* CityCard.swift in Sources */ = {isa = PBXBuildFile; fileRef = B76F9AEA276B1446007DC791 /* CityCard.swift */; };
		B76F9AED276B1446007DC791 /* CityCard.xib in Resources */ = {isa = PBXBuildFile; fileRef = B76F9AEB276B1446007DC791 /* CityCard.xib */; };
		B7896FD02769CEE400BB118E /* CityInfo.swift in Sources */ = {isa = PBXBuildFile; fileRef = B7896FCF2769CEE400BB118E /* CityInfo.swift */; };
		B79403692769E234005B9B17 /* AddCityViewController.swift in Sources */ = {isa = PBXBuildFile; fileRef = B79403682769E234005B9B17 /* AddCityViewController.swift */; };
		B794036B276AFDA9005B9B17 /* weatherManager.swift in Sources */ = {isa = PBXBuildFile; fileRef = B794036A276AFDA9005B9B17 /* weatherManager.swift */; };
		E283E02A87944A81FEB71743 /* Pods_FinalProject_WeatherApp.framework in Frameworks */ = {isa = PBXBuildFile; fileRef = 5F6CA73E4BD66D6F95D97099 /* Pods_FinalProject_WeatherApp.framework */; };
/* End PBXBuildFile section */

/* Begin PBXFileReference section */
		2D224E384171741D5D86456B /* Pods-FinalProject-WeatherApp.debug.xcconfig */ = {isa = PBXFileReference; includeInIndex = 1; lastKnownFileType = text.xcconfig; name = "Pods-FinalProject-WeatherApp.debug.xcconfig"; path = "Target Support Files/Pods-FinalProject-WeatherApp/Pods-FinalProject-WeatherApp.debug.xcconfig"; sourceTree = "<group>"; };
		5F6CA73E4BD66D6F95D97099 /* Pods_FinalProject_WeatherApp.framework */ = {isa = PBXFileReference; explicitFileType = wrapper.framework; includeInIndex = 0; path = Pods_FinalProject_WeatherApp.framework; sourceTree = BUILT_PRODUCTS_DIR; };
		6A2308D495C893E06A049316 /* Pods-FinalProject-WeatherApp.release.xcconfig */ = {isa = PBXFileReference; includeInIndex = 1; lastKnownFileType = text.xcconfig; name = "Pods-FinalProject-WeatherApp.release.xcconfig"; path = "Target Support Files/Pods-FinalProject-WeatherApp/Pods-FinalProject-WeatherApp.release.xcconfig"; sourceTree = "<group>"; };
		B75CA0A52768B783008D5CC4 /* FinalProject-WeatherApp.app */ = {isa = PBXFileReference; explicitFileType = wrapper.application; includeInIndex = 0; path = "FinalProject-WeatherApp.app"; sourceTree = BUILT_PRODUCTS_DIR; };
		B75CA0A82768B783008D5CC4 /* AppDelegate.swift */ = {isa = PBXFileReference; lastKnownFileType = sourcecode.swift; path = AppDelegate.swift; sourceTree = "<group>"; };
		B75CA0AA2768B783008D5CC4 /* SceneDelegate.swift */ = {isa = PBXFileReference; lastKnownFileType = sourcecode.swift; path = SceneDelegate.swift; sourceTree = "<group>"; };
		B75CA0AC2768B783008D5CC4 /* WelcomeViewController.swift */ = {isa = PBXFileReference; lastKnownFileType = sourcecode.swift; path = WelcomeViewController.swift; sourceTree = "<group>"; };
		B75CA0AF2768B783008D5CC4 /* Base */ = {isa = PBXFileReference; lastKnownFileType = file.storyboard; name = Base; path = Base.lproj/Main.storyboard; sourceTree = "<group>"; };
		B75CA0B12768B784008D5CC4 /* Assets.xcassets */ = {isa = PBXFileReference; lastKnownFileType = folder.assetcatalog; path = Assets.xcassets; sourceTree = "<group>"; };
		B75CA0B42768B784008D5CC4 /* Base */ = {isa = PBXFileReference; lastKnownFileType = file.storyboard; name = Base; path = Base.lproj/LaunchScreen.storyboard; sourceTree = "<group>"; };
		B75CA0B62768B784008D5CC4 /* Info.plist */ = {isa = PBXFileReference; lastKnownFileType = text.plist.xml; path = Info.plist; sourceTree = "<group>"; };
		B75CA0BF2768D73D008D5CC4 /* LoginViewController.swift */ = {isa = PBXFileReference; lastKnownFileType = sourcecode.swift; path = LoginViewController.swift; sourceTree = "<group>"; };
		B75CA0C12768D74D008D5CC4 /* RegisterViewController.swift */ = {isa = PBXFileReference; lastKnownFileType = sourcecode.swift; path = RegisterViewController.swift; sourceTree = "<group>"; };
		B75CA0C52768DBBF008D5CC4 /* GoogleService-Info.plist */ = {isa = PBXFileReference; fileEncoding = 4; lastKnownFileType = text.plist.xml; name = "GoogleService-Info.plist"; path = "../../../../../Downloads/GoogleService-Info.plist"; sourceTree = "<group>"; };
		B75CA0C72768DDB1008D5CC4 /* Constant.swift */ = {isa = PBXFileReference; lastKnownFileType = sourcecode.swift; path = Constant.swift; sourceTree = "<group>"; };
		B75CA0C92768DF2B008D5CC4 /* CitiesViewController.swift */ = {isa = PBXFileReference; lastKnownFileType = sourcecode.swift; path = CitiesViewController.swift; sourceTree = "<group>"; };
		B76F9AEA276B1446007DC791 /* CityCard.swift */ = {isa = PBXFileReference; lastKnownFileType = sourcecode.swift; path = CityCard.swift; sourceTree = "<group>"; };
		B76F9AEB276B1446007DC791 /* CityCard.xib */ = {isa = PBXFileReference; lastKnownFileType = file.xib; path = CityCard.xib; sourceTree = "<group>"; };
		B7896FCF2769CEE400BB118E /* CityInfo.swift */ = {isa = PBXFileReference; lastKnownFileType = sourcecode.swift; path = CityInfo.swift; sourceTree = "<group>"; };
		B79403682769E234005B9B17 /* AddCityViewController.swift */ = {isa = PBXFileReference; lastKnownFileType = sourcecode.swift; path = AddCityViewController.swift; sourceTree = "<group>"; };
		B794036A276AFDA9005B9B17 /* weatherManager.swift */ = {isa = PBXFileReference; lastKnownFileType = sourcecode.swift; path = weatherManager.swift; sourceTree = "<group>"; };
/* End PBXFileReference section */

/* Begin PBXFrameworksBuildPhase section */
		B75CA0A22768B783008D5CC4 /* Frameworks */ = {
			isa = PBXFrameworksBuildPhase;
			buildActionMask = 2147483647;
			files = (
				E283E02A87944A81FEB71743 /* Pods_FinalProject_WeatherApp.framework in Frameworks */,
			);
			runOnlyForDeploymentPostprocessing = 0;
		};
/* End PBXFrameworksBuildPhase section */

/* Begin PBXGroup section */
		7AC656167830267B6EFEDB12 /* Pods */ = {
			isa = PBXGroup;
			children = (
				2D224E384171741D5D86456B /* Pods-FinalProject-WeatherApp.debug.xcconfig */,
				6A2308D495C893E06A049316 /* Pods-FinalProject-WeatherApp.release.xcconfig */,
			);
			path = Pods;
			sourceTree = "<group>";
		};
		B75CA09C2768B782008D5CC4 = {
			isa = PBXGroup;
			children = (
				B75CA0A72768B783008D5CC4 /* FinalProject-WeatherApp */,
				B75CA0A62768B783008D5CC4 /* Products */,
				7AC656167830267B6EFEDB12 /* Pods */,
				DB18CAA96FBDF9BA0D1015D0 /* Frameworks */,
			);
			sourceTree = "<group>";
		};
		B75CA0A62768B783008D5CC4 /* Products */ = {
			isa = PBXGroup;
			children = (
				B75CA0A52768B783008D5CC4 /* FinalProject-WeatherApp.app */,
			);
			name = Products;
			sourceTree = "<group>";
		};
		B75CA0A72768B783008D5CC4 /* FinalProject-WeatherApp */ = {
			isa = PBXGroup;
			children = (
				B75CA0BC2768B798008D5CC4 /* Views */,
				B75CA0BE2768B7B1008D5CC4 /* Controllers */,
				B75CA0BD2768B7A9008D5CC4 /* Models */,
				B75CA0A82768B783008D5CC4 /* AppDelegate.swift */,
				B75CA0AA2768B783008D5CC4 /* SceneDelegate.swift */,
				B75CA0B12768B784008D5CC4 /* Assets.xcassets */,
				B75CA0B32768B784008D5CC4 /* LaunchScreen.storyboard */,
				B75CA0B62768B784008D5CC4 /* Info.plist */,
				B75CA0C52768DBBF008D5CC4 /* GoogleService-Info.plist */,
				B75CA0C72768DDB1008D5CC4 /* Constant.swift */,
			);
			path = "FinalProject-WeatherApp";
			sourceTree = "<group>";
		};
		B75CA0BC2768B798008D5CC4 /* Views */ = {
			isa = PBXGroup;
			children = (
				B75CA0AE2768B783008D5CC4 /* Main.storyboard */,
				B76F9AEA276B1446007DC791 /* CityCard.swift */,
				B76F9AEB276B1446007DC791 /* CityCard.xib */,
			);
			path = Views;
			sourceTree = "<group>";
		};
		B75CA0BD2768B7A9008D5CC4 /* Models */ = {
			isa = PBXGroup;
			children = (
				B7896FCF2769CEE400BB118E /* CityInfo.swift */,
				B794036A276AFDA9005B9B17 /* weatherManager.swift */,
			);
			path = Models;
			sourceTree = "<group>";
		};
		B75CA0BE2768B7B1008D5CC4 /* Controllers */ = {
			isa = PBXGroup;
			children = (
				B75CA0AC2768B783008D5CC4 /* WelcomeViewController.swift */,
				B75CA0BF2768D73D008D5CC4 /* LoginViewController.swift */,
				B75CA0C12768D74D008D5CC4 /* RegisterViewController.swift */,
				B75CA0C92768DF2B008D5CC4 /* CitiesViewController.swift */,
				B79403682769E234005B9B17 /* AddCityViewController.swift */,
			);
			path = Controllers;
			sourceTree = "<group>";
		};
		DB18CAA96FBDF9BA0D1015D0 /* Frameworks */ = {
			isa = PBXGroup;
			children = (
				5F6CA73E4BD66D6F95D97099 /* Pods_FinalProject_WeatherApp.framework */,
			);
			name = Frameworks;
			sourceTree = "<group>";
		};
/* End PBXGroup section */

/* Begin PBXNativeTarget section */
		B75CA0A42768B783008D5CC4 /* FinalProject-WeatherApp */ = {
			isa = PBXNativeTarget;
			buildConfigurationList = B75CA0B92768B784008D5CC4 /* Build configuration list for PBXNativeTarget "FinalProject-WeatherApp" */;
			buildPhases = (
				D9ACE9F3CD6233DB6EC51EBA /* [CP] Check Pods Manifest.lock */,
				B75CA0A12768B783008D5CC4 /* Sources */,
				B75CA0A22768B783008D5CC4 /* Frameworks */,
				B75CA0A32768B783008D5CC4 /* Resources */,
				30D201F57BA1D8E7388B32DB /* [CP] Embed Pods Frameworks */,
			);
			buildRules = (
			);
			dependencies = (
			);
			name = "FinalProject-WeatherApp";
			productName = "FinalProject-WeatherApp";
			productReference = B75CA0A52768B783008D5CC4 /* FinalProject-WeatherApp.app */;
			productType = "com.apple.product-type.application";
		};
/* End PBXNativeTarget section */

/* Begin PBXProject section */
		B75CA09D2768B782008D5CC4 /* Project object */ = {
			isa = PBXProject;
			attributes = {
				BuildIndependentTargetsInParallel = 1;
				LastSwiftUpdateCheck = 1310;
				LastUpgradeCheck = 1310;
				TargetAttributes = {
					B75CA0A42768B783008D5CC4 = {
						CreatedOnToolsVersion = 13.1;
					};
				};
			};
			buildConfigurationList = B75CA0A02768B783008D5CC4 /* Build configuration list for PBXProject "FinalProject-WeatherApp" */;
			compatibilityVersion = "Xcode 13.0";
			developmentRegion = en;
			hasScannedForEncodings = 0;
			knownRegions = (
				en,
				Base,
			);
			mainGroup = B75CA09C2768B782008D5CC4;
			productRefGroup = B75CA0A62768B783008D5CC4 /* Products */;
			projectDirPath = "";
			projectRoot = "";
			targets = (
				B75CA0A42768B783008D5CC4 /* FinalProject-WeatherApp */,
			);
		};
/* End PBXProject section */

/* Begin PBXResourcesBuildPhase section */
		B75CA0A32768B783008D5CC4 /* Resources */ = {
			isa = PBXResourcesBuildPhase;
			buildActionMask = 2147483647;
			files = (
				B75CA0B52768B784008D5CC4 /* LaunchScreen.storyboard in Resources */,
				B76F9AED276B1446007DC791 /* CityCard.xib in Resources */,
				B75CA0C62768DBBF008D5CC4 /* GoogleService-Info.plist in Resources */,
				B75CA0B22768B784008D5CC4 /* Assets.xcassets in Resources */,
				B75CA0B02768B783008D5CC4 /* Main.storyboard in Resources */,
			);
			runOnlyForDeploymentPostprocessing = 0;
		};
/* End PBXResourcesBuildPhase section */

/* Begin PBXShellScriptBuildPhase section */
		30D201F57BA1D8E7388B32DB /* [CP] Embed Pods Frameworks */ = {
			isa = PBXShellScriptBuildPhase;
			buildActionMask = 2147483647;
			files = (
			);
			inputFileListPaths = (
				"${PODS_ROOT}/Target Support Files/Pods-FinalProject-WeatherApp/Pods-FinalProject-WeatherApp-frameworks-${CONFIGURATION}-input-files.xcfilelist",
			);
			name = "[CP] Embed Pods Frameworks";
			outputFileListPaths = (
				"${PODS_ROOT}/Target Support Files/Pods-FinalProject-WeatherApp/Pods-FinalProject-WeatherApp-frameworks-${CONFIGURATION}-output-files.xcfilelist",
			);
			runOnlyForDeploymentPostprocessing = 0;
			shellPath = /bin/sh;
			shellScript = "\"${PODS_ROOT}/Target Support Files/Pods-FinalProject-WeatherApp/Pods-FinalProject-WeatherApp-frameworks.sh\"\n";
			showEnvVarsInLog = 0;
		};
		D9ACE9F3CD6233DB6EC51EBA /* [CP] Check Pods Manifest.lock */ = {
			isa = PBXShellScriptBuildPhase;
			buildActionMask = 2147483647;
			files = (
			);
			inputFileListPaths = (
			);
			inputPaths = (
				"${PODS_PODFILE_DIR_PATH}/Podfile.lock",
				"${PODS_ROOT}/Manifest.lock",
			);
			name = "[CP] Check Pods Manifest.lock";
			outputFileListPaths = (
			);
			outputPaths = (
				"$(DERIVED_FILE_DIR)/Pods-FinalProject-WeatherApp-checkManifestLockResult.txt",
			);
			runOnlyForDeploymentPostprocessing = 0;
			shellPath = /bin/sh;
			shellScript = "diff \"${PODS_PODFILE_DIR_PATH}/Podfile.lock\" \"${PODS_ROOT}/Manifest.lock\" > /dev/null\nif [ $? != 0 ] ; then\n    # print error to STDERR\n    echo \"error: The sandbox is not in sync with the Podfile.lock. Run 'pod install' or update your CocoaPods installation.\" >&2\n    exit 1\nfi\n# This output is used by Xcode 'outputs' to avoid re-running this script phase.\necho \"SUCCESS\" > \"${SCRIPT_OUTPUT_FILE_0}\"\n";
			showEnvVarsInLog = 0;
		};
/* End PBXShellScriptBuildPhase section */

/* Begin PBXSourcesBuildPhase section */
		B75CA0A12768B783008D5CC4 /* Sources */ = {
			isa = PBXSourcesBuildPhase;
			buildActionMask = 2147483647;
			files = (
				B75CA0C02768D73D008D5CC4 /* LoginViewController.swift in Sources */,
				B75CA0C22768D74D008D5CC4 /* RegisterViewController.swift in Sources */,
				B75CA0AD2768B783008D5CC4 /* WelcomeViewController.swift in Sources */,
				B75CA0A92768B783008D5CC4 /* AppDelegate.swift in Sources */,
				B75CA0AB2768B783008D5CC4 /* SceneDelegate.swift in Sources */,
				B75CA0CA2768DF2B008D5CC4 /* CitiesViewController.swift in Sources */,
				B794036B276AFDA9005B9B17 /* weatherManager.swift in Sources */,
				B7896FD02769CEE400BB118E /* CityInfo.swift in Sources */,
				B79403692769E234005B9B17 /* AddCityViewController.swift in Sources */,
				B75CA0C82768DDB1008D5CC4 /* Constant.swift in Sources */,
				B76F9AEC276B1446007DC791 /* CityCard.swift in Sources */,
			);
			runOnlyForDeploymentPostprocessing = 0;
		};
/* End PBXSourcesBuildPhase section */

/* Begin PBXVariantGroup section */
		B75CA0AE2768B783008D5CC4 /* Main.storyboard */ = {
			isa = PBXVariantGroup;
			children = (
				B75CA0AF2768B783008D5CC4 /* Base */,
			);
			name = Main.storyboard;
			sourceTree = "<group>";
		};
		B75CA0B32768B784008D5CC4 /* LaunchScreen.storyboard */ = {
			isa = PBXVariantGroup;
			children = (
				B75CA0B42768B784008D5CC4 /* Base */,
			);
			name = LaunchScreen.storyboard;
			sourceTree = "<group>";
		};
/* End PBXVariantGroup section */

/* Begin XCBuildConfiguration section */
		B75CA0B72768B784008D5CC4 /* Debug */ = {
			isa = XCBuildConfiguration;
			buildSettings = {
				ALWAYS_SEARCH_USER_PATHS = NO;
				CLANG_ANALYZER_NONNULL = YES;
				CLANG_ANALYZER_NUMBER_OBJECT_CONVERSION = YES_AGGRESSIVE;
				CLANG_CXX_LANGUAGE_STANDARD = "gnu++17";
				CLANG_CXX_LIBRARY = "libc++";
				CLANG_ENABLE_MODULES = YES;
				CLANG_ENABLE_OBJC_ARC = YES;
				CLANG_ENABLE_OBJC_WEAK = YES;
				CLANG_WARN_BLOCK_CAPTURE_AUTORELEASING = YES;
				CLANG_WARN_BOOL_CONVERSION = YES;
				CLANG_WARN_COMMA = YES;
				CLANG_WARN_CONSTANT_CONVERSION = YES;
				CLANG_WARN_DEPRECATED_OBJC_IMPLEMENTATIONS = YES;
				CLANG_WARN_DIRECT_OBJC_ISA_USAGE = YES_ERROR;
				CLANG_WARN_DOCUMENTATION_COMMENTS = YES;
				CLANG_WARN_EMPTY_BODY = YES;
				CLANG_WARN_ENUM_CONVERSION = YES;
				CLANG_WARN_INFINITE_RECURSION = YES;
				CLANG_WARN_INT_CONVERSION = YES;
				CLANG_WARN_NON_LITERAL_NULL_CONVERSION = YES;
				CLANG_WARN_OBJC_IMPLICIT_RETAIN_SELF = YES;
				CLANG_WARN_OBJC_LITERAL_CONVERSION = YES;
				CLANG_WARN_OBJC_ROOT_CLASS = YES_ERROR;
				CLANG_WARN_QUOTED_INCLUDE_IN_FRAMEWORK_HEADER = YES;
				CLANG_WARN_RANGE_LOOP_ANALYSIS = YES;
				CLANG_WARN_STRICT_PROTOTYPES = YES;
				CLANG_WARN_SUSPICIOUS_MOVE = YES;
				CLANG_WARN_UNGUARDED_AVAILABILITY = YES_AGGRESSIVE;
				CLANG_WARN_UNREACHABLE_CODE = YES;
				CLANG_WARN__DUPLICATE_METHOD_MATCH = YES;
				COPY_PHASE_STRIP = NO;
				DEBUG_INFORMATION_FORMAT = dwarf;
				ENABLE_STRICT_OBJC_MSGSEND = YES;
				ENABLE_TESTABILITY = YES;
				GCC_C_LANGUAGE_STANDARD = gnu11;
				GCC_DYNAMIC_NO_PIC = NO;
				GCC_NO_COMMON_BLOCKS = YES;
				GCC_OPTIMIZATION_LEVEL = 0;
				GCC_PREPROCESSOR_DEFINITIONS = (
					"DEBUG=1",
					"$(inherited)",
				);
				GCC_WARN_64_TO_32_BIT_CONVERSION = YES;
				GCC_WARN_ABOUT_RETURN_TYPE = YES_ERROR;
				GCC_WARN_UNDECLARED_SELECTOR = YES;
				GCC_WARN_UNINITIALIZED_AUTOS = YES_AGGRESSIVE;
				GCC_WARN_UNUSED_FUNCTION = YES;
				GCC_WARN_UNUSED_VARIABLE = YES;
				IPHONEOS_DEPLOYMENT_TARGET = 15.0;
				MTL_ENABLE_DEBUG_INFO = INCLUDE_SOURCE;
				MTL_FAST_MATH = YES;
				ONLY_ACTIVE_ARCH = YES;
				SDKROOT = iphoneos;
				SWIFT_ACTIVE_COMPILATION_CONDITIONS = DEBUG;
				SWIFT_OPTIMIZATION_LEVEL = "-Onone";
			};
			name = Debug;
		};
		B75CA0B82768B784008D5CC4 /* Release */ = {
			isa = XCBuildConfiguration;
			buildSettings = {
				ALWAYS_SEARCH_USER_PATHS = NO;
				CLANG_ANALYZER_NONNULL = YES;
				CLANG_ANALYZER_NUMBER_OBJECT_CONVERSION = YES_AGGRESSIVE;
				CLANG_CXX_LANGUAGE_STANDARD = "gnu++17";
				CLANG_CXX_LIBRARY = "libc++";
				CLANG_ENABLE_MODULES = YES;
				CLANG_ENABLE_OBJC_ARC = YES;
				CLANG_ENABLE_OBJC_WEAK = YES;
				CLANG_WARN_BLOCK_CAPTURE_AUTORELEASING = YES;
				CLANG_WARN_BOOL_CONVERSION = YES;
				CLANG_WARN_COMMA = YES;
				CLANG_WARN_CONSTANT_CONVERSION = YES;
				CLANG_WARN_DEPRECATED_OBJC_IMPLEMENTATIONS = YES;
				CLANG_WARN_DIRECT_OBJC_ISA_USAGE = YES_ERROR;
				CLANG_WARN_DOCUMENTATION_COMMENTS = YES;
				CLANG_WARN_EMPTY_BODY = YES;
				CLANG_WARN_ENUM_CONVERSION = YES;
				CLANG_WARN_INFINITE_RECURSION = YES;
				CLANG_WARN_INT_CONVERSION = YES;
				CLANG_WARN_NON_LITERAL_NULL_CONVERSION = YES;
				CLANG_WARN_OBJC_IMPLICIT_RETAIN_SELF = YES;
				CLANG_WARN_OBJC_LITERAL_CONVERSION = YES;
				CLANG_WARN_OBJC_ROOT_CLASS = YES_ERROR;
				CLANG_WARN_QUOTED_INCLUDE_IN_FRAMEWORK_HEADER = YES;
				CLANG_WARN_RANGE_LOOP_ANALYSIS = YES;
				CLANG_WARN_STRICT_PROTOTYPES = YES;
				CLANG_WARN_SUSPICIOUS_MOVE = YES;
				CLANG_WARN_UNGUARDED_AVAILABILITY = YES_AGGRESSIVE;
				CLANG_WARN_UNREACHABLE_CODE = YES;
				CLANG_WARN__DUPLICATE_METHOD_MATCH = YES;
				COPY_PHASE_STRIP = NO;
				DEBUG_INFORMATION_FORMAT = "dwarf-with-dsym";
				ENABLE_NS_ASSERTIONS = NO;
				ENABLE_STRICT_OBJC_MSGSEND = YES;
				GCC_C_LANGUAGE_STANDARD = gnu11;
				GCC_NO_COMMON_BLOCKS = YES;
				GCC_WARN_64_TO_32_BIT_CONVERSION = YES;
				GCC_WARN_ABOUT_RETURN_TYPE = YES_ERROR;
				GCC_WARN_UNDECLARED_SELECTOR = YES;
				GCC_WARN_UNINITIALIZED_AUTOS = YES_AGGRESSIVE;
				GCC_WARN_UNUSED_FUNCTION = YES;
				GCC_WARN_UNUSED_VARIABLE = YES;
				IPHONEOS_DEPLOYMENT_TARGET = 15.0;
				MTL_ENABLE_DEBUG_INFO = NO;
				MTL_FAST_MATH = YES;
				SDKROOT = iphoneos;
				SWIFT_COMPILATION_MODE = wholemodule;
				SWIFT_OPTIMIZATION_LEVEL = "-O";
				VALIDATE_PRODUCT = YES;
			};
			name = Release;
		};
		B75CA0BA2768B784008D5CC4 /* Debug */ = {
			isa = XCBuildConfiguration;
			baseConfigurationReference = 2D224E384171741D5D86456B /* Pods-FinalProject-WeatherApp.debug.xcconfig */;
			buildSettings = {
				ASSETCATALOG_COMPILER_APPICON_NAME = AppIcon;
				ASSETCATALOG_COMPILER_GLOBAL_ACCENT_COLOR_NAME = AccentColor;
				CODE_SIGN_STYLE = Automatic;
				CURRENT_PROJECT_VERSION = 1;
				GENERATE_INFOPLIST_FILE = YES;
				INFOPLIST_FILE = "FinalProject-WeatherApp/Info.plist";
				INFOPLIST_KEY_UIApplicationSupportsIndirectInputEvents = YES;
				INFOPLIST_KEY_UILaunchStoryboardName = LaunchScreen;
				INFOPLIST_KEY_UIMainStoryboardFile = Main;
				INFOPLIST_KEY_UISupportedInterfaceOrientations_iPad = "UIInterfaceOrientationPortrait UIInterfaceOrientationPortraitUpsideDown UIInterfaceOrientationLandscapeLeft UIInterfaceOrientationLandscapeRight";
				INFOPLIST_KEY_UISupportedInterfaceOrientations_iPhone = "UIInterfaceOrientationPortrait UIInterfaceOrientationLandscapeLeft UIInterfaceOrientationLandscapeRight";
				LD_RUNPATH_SEARCH_PATHS = (
					"$(inherited)",
					"@executable_path/Frameworks",
				);
				MARKETING_VERSION = 1.0;
				PRODUCT_BUNDLE_IDENTIFIER = "edu.northeastern.YuWang.FinalProject-WeatherApp";
				PRODUCT_NAME = "$(TARGET_NAME)";
				SWIFT_EMIT_LOC_STRINGS = YES;
				SWIFT_VERSION = 5.0;
				TARGETED_DEVICE_FAMILY = "1,2";
			};
			name = Debug;
		};
		B75CA0BB2768B784008D5CC4 /* Release */ = {
			isa = XCBuildConfiguration;
			baseConfigurationReference = 6A2308D495C893E06A049316 /* Pods-FinalProject-WeatherApp.release.xcconfig */;
			buildSettings = {
				ASSETCATALOG_COMPILER_APPICON_NAME = AppIcon;
				ASSETCATALOG_COMPILER_GLOBAL_ACCENT_COLOR_NAME = AccentColor;
				CODE_SIGN_STYLE = Automatic;
				CURRENT_PROJECT_VERSION = 1;
				GENERATE_INFOPLIST_FILE = YES;
				INFOPLIST_FILE = "FinalProject-WeatherApp/Info.plist";
				INFOPLIST_KEY_UIApplicationSupportsIndirectInputEvents = YES;
				INFOPLIST_KEY_UILaunchStoryboardName = LaunchScreen;
				INFOPLIST_KEY_UIMainStoryboardFile = Main;
				INFOPLIST_KEY_UISupportedInterfaceOrientations_iPad = "UIInterfaceOrientationPortrait UIInterfaceOrientationPortraitUpsideDown UIInterfaceOrientationLandscapeLeft UIInterfaceOrientationLandscapeRight";
				INFOPLIST_KEY_UISupportedInterfaceOrientations_iPhone = "UIInterfaceOrientationPortrait UIInterfaceOrientationLandscapeLeft UIInterfaceOrientationLandscapeRight";
				LD_RUNPATH_SEARCH_PATHS = (
					"$(inherited)",
					"@executable_path/Frameworks",
				);
				MARKETING_VERSION = 1.0;
				PRODUCT_BUNDLE_IDENTIFIER = "edu.northeastern.YuWang.FinalProject-WeatherApp";
				PRODUCT_NAME = "$(TARGET_NAME)";
				SWIFT_EMIT_LOC_STRINGS = YES;
				SWIFT_VERSION = 5.0;
				TARGETED_DEVICE_FAMILY = "1,2";
			};
			name = Release;
		};
/* End XCBuildConfiguration section */

/* Begin XCConfigurationList section */
		B75CA0A02768B783008D5CC4 /* Build configuration list for PBXProject "FinalProject-WeatherApp" */ = {
			isa = XCConfigurationList;
			buildConfigurations = (
				B75CA0B72768B784008D5CC4 /* Debug */,
				B75CA0B82768B784008D5CC4 /* Release */,
			);
			defaultConfigurationIsVisible = 0;
			defaultConfigurationName = Release;
		};
		B75CA0B92768B784008D5CC4 /* Build configuration list for PBXNativeTarget "FinalProject-WeatherApp" */ = {
			isa = XCConfigurationList;
			buildConfigurations = (
				B75CA0BA2768B784008D5CC4 /* Debug */,
				B75CA0BB2768B784008D5CC4 /* Release */,
			);
			defaultConfigurationIsVisible = 0;
			defaultConfigurationName = Release;
		};
/* End XCConfigurationList section */
	};
	rootObject = B75CA09D2768B782008D5CC4 /* Project object */;
}
